
Microsoft Visual Studio Solution File, Format Version 12.00
# Visual Studio Version 17
VisualStudioVersion = 17.0.32014.148
MinimumVisualStudioVersion = 10.0.40219.1
Project("{9A19103F-16F7-4668-BE54-9A1E7A4F7556}") = "WebApp", "WebApp\WebApp.csproj", "{96C189D1-B3D9-49DE-BCC4-D28278BC0E28}"
EndProject
Project("{2150E333-8FDC-42A3-9474-1A3956D46DE8}") = "Solution Items", "Solution Items", "{011D57D2-AF35-485F-9D23-F01AF9808D95}"
	ProjectSection(SolutionItems) = preProject
		Readme.md = Readme.md
	EndProjectSection
EndProject
Project("{9A19103F-16F7-4668-BE54-9A1E7A4F7556}") = "BlogApp", "BlogApp\BlogApp.csproj", "{9A80663C-317A-4CBA-A089-8475034D3F07}"
EndProject
Global
	GlobalSection(SolutionConfigurationPlatforms) = preSolution
		Debug|Any CPU = Debug|Any CPU
		Release|Any CPU = Release|Any CPU
	EndGlobalSection
	GlobalSection(ProjectConfigurationPlatforms) = postSolution
		{96C189D1-B3D9-49DE-BCC4-D28278BC0E28}.Debug|Any CPU.ActiveCfg = Debug|Any CPU
		{96C189D1-B3D9-49DE-BCC4-D28278BC0E28}.Debug|Any CPU.Build.0 = Debug|Any CPU
		{96C189D1-B3D9-49DE-BCC4-D28278BC0E28}.Release|Any CPU.ActiveCfg = Release|Any CPU
		{96C189D1-B3D9-49DE-BCC4-D28278BC0E28}.Release|Any CPU.Build.0 = Release|Any CPU
		{9A80663C-317A-4CBA-A089-8475034D3F07}.Debug|Any CPU.ActiveCfg = Debug|Any CPU
		{9A80663C-317A-4CBA-A089-8475034D3F07}.Debug|Any CPU.Build.0 = Debug|Any CPU
		{9A80663C-317A-4CBA-A089-8475034D3F07}.Release|Any CPU.ActiveCfg = Release|Any CPU
		{9A80663C-317A-4CBA-A089-8475034D3F07}.Release|Any CPU.Build.0 = Release|Any CPU
	EndGlobalSection
	GlobalSection(SolutionProperties) = preSolution
		HideSolutionNode = FALSE
	EndGlobalSection
	GlobalSection(ExtensibilityGlobals) = postSolution
		SolutionGuid = {00796794-839C-498C-8ACA-1C421ACEFC70}
	EndGlobalSection
EndGlobal
